
Microsoft Visual Studio Solution File, Format Version 12.00
# Visual Studio Version 17
VisualStudioVersion = 17.5.33424.131
MinimumVisualStudioVersion = 10.0.40219.1
Project("{FAE04EC0-301F-11D3-BF4B-00C04F79EFBC}") = "EF_Web", "EF_Core_Web\EF_Web.csproj", "{9480B4AB-C28F-4F47-AC30-D8B68A4FF2A2}"
EndProject
Project("{FAE04EC0-301F-11D3-BF4B-00C04F79EFBC}") = "EF_Models", "EF_Models\EF_Models.csproj", "{E83D8B55-D97B-4BB7-9D52-254C2C381FA7}"
EndProject
Project("{FAE04EC0-301F-11D3-BF4B-00C04F79EFBC}") = "EF_DataAccess", "EF_DataAccess\EF_DataAccess.csproj", "{BBBF2A38-4A78-40DA-9809-E05938AD8E49}"
EndProject
Global
	GlobalSection(SolutionConfigurationPlatforms) = preSolution
		Debug|Any CPU = Debug|Any CPU
		Release|Any CPU = Release|Any CPU
	EndGlobalSection
	GlobalSection(ProjectConfigurationPlatforms) = postSolution
		{9480B4AB-C28F-4F47-AC30-D8B68A4FF2A2}.Debug|Any CPU.ActiveCfg = Debug|Any CPU
		{9480B4AB-C28F-4F47-AC30-D8B68A4FF2A2}.Debug|Any CPU.Build.0 = Debug|Any CPU
		{9480B4AB-C28F-4F47-AC30-D8B68A4FF2A2}.Release|Any CPU.ActiveCfg = Release|Any CPU
		{9480B4AB-C28F-4F47-AC30-D8B68A4FF2A2}.Release|Any CPU.Build.0 = Release|Any CPU
		{E83D8B55-D97B-4BB7-9D52-254C2C381FA7}.Debug|Any CPU.ActiveCfg = Debug|Any CPU
		{E83D8B55-D97B-4BB7-9D52-254C2C381FA7}.Debug|Any CPU.Build.0 = Debug|Any CPU
		{E83D8B55-D97B-4BB7-9D52-254C2C381FA7}.Release|Any CPU.ActiveCfg = Release|Any CPU
		{E83D8B55-D97B-4BB7-9D52-254C2C381FA7}.Release|Any CPU.Build.0 = Release|Any CPU
		{BBBF2A38-4A78-40DA-9809-E05938AD8E49}.Debug|Any CPU.ActiveCfg = Debug|Any CPU
		{BBBF2A38-4A78-40DA-9809-E05938AD8E49}.Debug|Any CPU.Build.0 = Debug|Any CPU
		{BBBF2A38-4A78-40DA-9809-E05938AD8E49}.Release|Any CPU.ActiveCfg = Release|Any CPU
		{BBBF2A38-4A78-40DA-9809-E05938AD8E49}.Release|Any CPU.Build.0 = Release|Any CPU
	EndGlobalSection
	GlobalSection(SolutionProperties) = preSolution
		HideSolutionNode = FALSE
	EndGlobalSection
	GlobalSection(ExtensibilityGlobals) = postSolution
		SolutionGuid = {F59569E1-AC1B-4845-B126-FD28C25AA717}
	EndGlobalSection
EndGlobal
